
Microsoft Visual Studio Solution File, Format Version 11.00
# Visual Studio 2010
Project("{FAE04EC0-301F-11D3-BF4B-00C04F79EFBC}") = "TRB-ServiceProvider", "TRB-ServiceProvider\TRB-ServiceProvider.csproj", "{60B5C0A8-969F-4C8A-838C-CF67957A79FE}"
EndProject
Project("{FAE04EC0-301F-11D3-BF4B-00C04F79EFBC}") = "TRBIDP1", "TRBIDP1\TRBIDP1.csproj", "{901D50C4-F384-492A-86FC-D77860AA883F}"
EndProject
Global
	GlobalSection(SolutionConfigurationPlatforms) = preSolution
		Debug|Any CPU = Debug|Any CPU
		Release|Any CPU = Release|Any CPU
	EndGlobalSection
	GlobalSection(ProjectConfigurationPlatforms) = postSolution
		{60B5C0A8-969F-4C8A-838C-CF67957A79FE}.Debug|Any CPU.ActiveCfg = Debug|Any CPU
		{60B5C0A8-969F-4C8A-838C-CF67957A79FE}.Debug|Any CPU.Build.0 = Debug|Any CPU
		{60B5C0A8-969F-4C8A-838C-CF67957A79FE}.Release|Any CPU.ActiveCfg = Release|Any CPU
		{60B5C0A8-969F-4C8A-838C-CF67957A79FE}.Release|Any CPU.Build.0 = Release|Any CPU
		{901D50C4-F384-492A-86FC-D77860AA883F}.Debug|Any CPU.ActiveCfg = Debug|Any CPU
		{901D50C4-F384-492A-86FC-D77860AA883F}.Debug|Any CPU.Build.0 = Debug|Any CPU
		{901D50C4-F384-492A-86FC-D77860AA883F}.Release|Any CPU.ActiveCfg = Release|Any CPU
		{901D50C4-F384-492A-86FC-D77860AA883F}.Release|Any CPU.Build.0 = Release|Any CPU
	EndGlobalSection
	GlobalSection(SolutionProperties) = preSolution
		HideSolutionNode = FALSE
	EndGlobalSection
EndGlobal
